// !$*UTF8*$!
{
	archiveVersion = 1;
	classes = {
	};
	objectVersion = 46;
	objects = {

/* Begin PBXBuildFile section */
		F6A3EC121D5C7D1B00943641 /* AppDelegate.m in Sources */ = {isa = PBXBuildFile; fileRef = F6A3EBFE1D5C7D1B00943641 /* AppDelegate.m */; };
		F6A3EC131D5C7D1B00943641 /* LaunchScreen.xib in Resources */ = {isa = PBXBuildFile; fileRef = F6A3EBFF1D5C7D1B00943641 /* LaunchScreen.xib */; };
		F6A3EC141D5C7D1B00943641 /* Main.storyboard in Resources */ = {isa = PBXBuildFile; fileRef = F6A3EC011D5C7D1B00943641 /* Main.storyboard */; };
		F6A3EC151D5C7D1B00943641 /* NBAObserver.m in Sources */ = {isa = PBXBuildFile; fileRef = F6A3EC041D5C7D1B00943641 /* NBAObserver.m */; };
		F6A3EC161D5C7D1B00943641 /* ConcreteSubject.m in Sources */ = {isa = PBXBuildFile; fileRef = F6A3EC071D5C7D1B00943641 /* ConcreteSubject.m */; };
		F6A3EC171D5C7D1B00943641 /* StockObserver.m in Sources */ = {isa = PBXBuildFile; fileRef = F6A3EC091D5C7D1B00943641 /* StockObserver.m */; };
		F6A3EC181D5C7D1B00943641 /* Subject.m in Sources */ = {isa = PBXBuildFile; fileRef = F6A3EC0B1D5C7D1B00943641 /* Subject.m */; };
		F6A3EC191D5C7D1B00943641 /* Images.xcassets in Resources */ = {isa = PBXBuildFile; fileRef = F6A3EC0C1D5C7D1B00943641 /* Images.xcassets */; };
		F6A3EC1A1D5C7D1B00943641 /* Info.plist in Resources */ = {isa = PBXBuildFile; fileRef = F6A3EC0D1D5C7D1B00943641 /* Info.plist */; };
		F6A3EC1B1D5C7D1B00943641 /* main.m in Sources */ = {isa = PBXBuildFile; fileRef = F6A3EC0E1D5C7D1B00943641 /* main.m */; };
		F6A3EC1C1D5C7D1B00943641 /* ViewController.m in Sources */ = {isa = PBXBuildFile; fileRef = F6A3EC101D5C7D1B00943641 /* ViewController.m */; };
/* End PBXBuildFile section */

/* Begin PBXFileReference section */
		DDBEA9A51B7C87BF004874A1 /* Observer.app */ = {isa = PBXFileReference; explicitFileType = wrapper.application; includeInIndex = 0; path = Observer.app; sourceTree = BUILT_PRODUCTS_DIR; };
		F6A3EBFD1D5C7D1B00943641 /* AppDelegate.h */ = {isa = PBXFileReference; fileEncoding = 4; lastKnownFileType = sourcecode.c.h; path = AppDelegate.h; sourceTree = "<group>"; };
		F6A3EBFE1D5C7D1B00943641 /* AppDelegate.m */ = {isa = PBXFileReference; fileEncoding = 4; lastKnownFileType = sourcecode.c.objc; path = AppDelegate.m; sourceTree = "<group>"; };
		F6A3EC001D5C7D1B00943641 /* Base */ = {isa = PBXFileReference; lastKnownFileType = file.xib; name = Base; path = Base.lproj/LaunchScreen.xib; sourceTree = "<group>"; };
		F6A3EC021D5C7D1B00943641 /* Base */ = {isa = PBXFileReference; lastKnownFileType = file.storyboard; name = Base; path = Base.lproj/Main.storyboard; sourceTree = "<group>"; };
		F6A3EC031D5C7D1B00943641 /* NBAObserver.h */ = {isa = PBXFileReference; fileEncoding = 4; lastKnownFileType = sourcecode.c.h; path = NBAObserver.h; sourceTree = "<group>"; };
		F6A3EC041D5C7D1B00943641 /* NBAObserver.m */ = {isa = PBXFileReference; fileEncoding = 4; lastKnownFileType = sourcecode.c.objc; path = NBAObserver.m; sourceTree = "<group>"; };
		F6A3EC051D5C7D1B00943641 /* Observer.h */ = {isa = PBXFileReference; fileEncoding = 4; lastKnownFileType = sourcecode.c.h; path = Observer.h; sourceTree = "<group>"; };
		F6A3EC061D5C7D1B00943641 /* ConcreteSubject.h */ = {isa = PBXFileReference; fileEncoding = 4; lastKnownFileType = sourcecode.c.h; path = ConcreteSubject.h; sourceTree = "<group>"; };
		F6A3EC071D5C7D1B00943641 /* ConcreteSubject.m */ = {isa = PBXFileReference; fileEncoding = 4; lastKnownFileType = sourcecode.c.objc; path = ConcreteSubject.m; sourceTree = "<group>"; };
		F6A3EC081D5C7D1B00943641 /* StockObserver.h */ = {isa = PBXFileReference; fileEncoding = 4; lastKnownFileType = sourcecode.c.h; path = StockObserver.h; sourceTree = "<group>"; };
		F6A3EC091D5C7D1B00943641 /* StockObserver.m */ = {isa = PBXFileReference; fileEncoding = 4; lastKnownFileType = sourcecode.c.objc; path = StockObserver.m; sourceTree = "<group>"; };
		F6A3EC0A1D5C7D1B00943641 /* Subject.h */ = {isa = PBXFileReference; fileEncoding = 4; lastKnownFileType = sourcecode.c.h; path = Subject.h; sourceTree = "<group>"; };
		F6A3EC0B1D5C7D1B00943641 /* Subject.m */ = {isa = PBXFileReference; fileEncoding = 4; lastKnownFileType = sourcecode.c.objc; path = Subject.m; sourceTree = "<group>"; };
		F6A3EC0C1D5C7D1B00943641 /* Images.xcassets */ = {isa = PBXFileReference; lastKnownFileType = folder.assetcatalog; path = Images.xcassets; sourceTree = "<group>"; };
		F6A3EC0D1D5C7D1B00943641 /* Info.plist */ = {isa = PBXFileReference; fileEncoding = 4; lastKnownFileType = text.plist.xml; path = Info.plist; sourceTree = "<group>"; };
		F6A3EC0E1D5C7D1B00943641 /* main.m */ = {isa = PBXFileReference; fileEncoding = 4; lastKnownFileType = sourcecode.c.objc; path = main.m; sourceTree = "<group>"; };
		F6A3EC0F1D5C7D1B00943641 /* ViewController.h */ = {isa = PBXFileReference; fileEncoding = 4; lastKnownFileType = sourcecode.c.h; path = ViewController.h; sourceTree = "<group>"; };
		F6A3EC101D5C7D1B00943641 /* ViewController.m */ = {isa = PBXFileReference; fileEncoding = 4; lastKnownFileType = sourcecode.c.objc; path = ViewController.m; sourceTree = "<group>"; };
/* End PBXFileReference section */

/* Begin PBXFrameworksBuildPhase section */
		DDBEA9A21B7C87BF004874A1 /* Frameworks */ = {
			isa = PBXFrameworksBuildPhase;
			buildActionMask = 2147483647;
			files = (
			);
			runOnlyForDeploymentPostprocessing = 0;
		};
/* End PBXFrameworksBuildPhase section */

/* Begin PBXGroup section */
		DDBEA99C1B7C87BF004874A1 = {
			isa = PBXGroup;
			children = (
				F6A3EBFC1D5C7D1B00943641 /* Observer */,
				DDBEA9A61B7C87BF004874A1 /* Products */,
			);
			sourceTree = "<group>";
		};
		DDBEA9A61B7C87BF004874A1 /* Products */ = {
			isa = PBXGroup;
			children = (
				DDBEA9A51B7C87BF004874A1 /* Observer.app */,
			);
			name = Products;
			sourceTree = "<group>";
		};
		F6A3EBFC1D5C7D1B00943641 /* Observer */ = {
			isa = PBXGroup;
			children = (
				F6A3EBFD1D5C7D1B00943641 /* AppDelegate.h */,
				F6A3EBFE1D5C7D1B00943641 /* AppDelegate.m */,
				F6A3EBFF1D5C7D1B00943641 /* LaunchScreen.xib */,
				F6A3EC011D5C7D1B00943641 /* Main.storyboard */,
				F6A3EC031D5C7D1B00943641 /* NBAObserver.h */,
				F6A3EC041D5C7D1B00943641 /* NBAObserver.m */,
				F6A3EC051D5C7D1B00943641 /* Observer.h */,
				F6A3EC061D5C7D1B00943641 /* ConcreteSubject.h */,
				F6A3EC071D5C7D1B00943641 /* ConcreteSubject.m */,
				F6A3EC081D5C7D1B00943641 /* StockObserver.h */,
				F6A3EC091D5C7D1B00943641 /* StockObserver.m */,
				F6A3EC0A1D5C7D1B00943641 /* Subject.h */,
				F6A3EC0B1D5C7D1B00943641 /* Subject.m */,
				F6A3EC0C1D5C7D1B00943641 /* Images.xcassets */,
				F6A3EC0D1D5C7D1B00943641 /* Info.plist */,
				F6A3EC0E1D5C7D1B00943641 /* main.m */,
				F6A3EC0F1D5C7D1B00943641 /* ViewController.h */,
				F6A3EC101D5C7D1B00943641 /* ViewController.m */,
			);
			path = Observer;
			sourceTree = "<group>";
		};
/* End PBXGroup section */

/* Begin PBXNativeTarget section */
		DDBEA9A41B7C87BF004874A1 /* Observer */ = {
			isa = PBXNativeTarget;
			buildConfigurationList = DDBEA9C81B7C87BF004874A1 /* Build configuration list for PBXNativeTarget "Observer" */;
			buildPhases = (
				DDBEA9A11B7C87BF004874A1 /* Sources */,
				DDBEA9A21B7C87BF004874A1 /* Frameworks */,
				DDBEA9A31B7C87BF004874A1 /* Resources */,
			);
			buildRules = (
			);
			dependencies = (
			);
			name = Observer;
			productName = "9观察者模式";
			productReference = DDBEA9A51B7C87BF004874A1 /* Observer.app */;
			productType = "com.apple.product-type.application";
		};
/* End PBXNativeTarget section */

/* Begin PBXProject section */
		DDBEA99D1B7C87BF004874A1 /* Project object */ = {
			isa = PBXProject;
			attributes = {
				LastUpgradeCheck = 0640;
				ORGANIZATIONNAME = "黄成都";
				TargetAttributes = {
					DDBEA9A41B7C87BF004874A1 = {
						CreatedOnToolsVersion = 6.4;
					};
				};
			};
			buildConfigurationList = DDBEA9A01B7C87BF004874A1 /* Build configuration list for PBXProject "Observer" */;
			compatibilityVersion = "Xcode 3.2";
			developmentRegion = English;
			hasScannedForEncodings = 0;
			knownRegions = (
				en,
				Base,
			);
			mainGroup = DDBEA99C1B7C87BF004874A1;
			productRefGroup = DDBEA9A61B7C87BF004874A1 /* Products */;
			projectDirPath = "";
			projectRoot = "";
			targets = (
				DDBEA9A41B7C87BF004874A1 /* Observer */,
			);
		};
/* End PBXProject section */

/* Begin PBXResourcesBuildPhase section */
		DDBEA9A31B7C87BF004874A1 /* Resources */ = {
			isa = PBXResourcesBuildPhase;
			buildActionMask = 2147483647;
			files = (
				F6A3EC1A1D5C7D1B00943641 /* Info.plist in Resources */,
				F6A3EC191D5C7D1B00943641 /* Images.xcassets in Resources */,
				F6A3EC131D5C7D1B00943641 /* LaunchScreen.xib in Resources */,
				F6A3EC141D5C7D1B00943641 /* Main.storyboard in Resources */,
			);
			runOnlyForDeploymentPostprocessing = 0;
		};
/* End PBXResourcesBuildPhase section */

/* Begin PBXSourcesBuildPhase section */
		DDBEA9A11B7C87BF004874A1 /* Sources */ = {
			isa = PBXSourcesBuildPhase;
			buildActionMask = 2147483647;
			files = (
				F6A3EC1C1D5C7D1B00943641 /* ViewController.m in Sources */,
				F6A3EC171D5C7D1B00943641 /* StockObserver.m in Sources */,
				F6A3EC121D5C7D1B00943641 /* AppDelegate.m in Sources */,
				F6A3EC151D5C7D1B00943641 /* NBAObserver.m in Sources */,
				F6A3EC161D5C7D1B00943641 /* ConcreteSubject.m in Sources */,
				F6A3EC1B1D5C7D1B00943641 /* main.m in Sources */,
				F6A3EC181D5C7D1B00943641 /* Subject.m in Sources */,
			);
			runOnlyForDeploymentPostprocessing = 0;
		};
/* End PBXSourcesBuildPhase section */

/* Begin PBXVariantGroup section */
		F6A3EBFF1D5C7D1B00943641 /* LaunchScreen.xib */ = {
			isa = PBXVariantGroup;
			children = (
				F6A3EC001D5C7D1B00943641 /* Base */,
			);
			name = LaunchScreen.xib;
			sourceTree = "<group>";
		};
		F6A3EC011D5C7D1B00943641 /* Main.storyboard */ = {
			isa = PBXVariantGroup;
			children = (
				F6A3EC021D5C7D1B00943641 /* Base */,
			);
			name = Main.storyboard;
			sourceTree = "<group>";
		};
/* End PBXVariantGroup section */

/* Begin XCBuildConfiguration section */
		DDBEA9C61B7C87BF004874A1 /* Debug */ = {
			isa = XCBuildConfiguration;
			buildSettings = {
				ALWAYS_SEARCH_USER_PATHS = NO;
				CLANG_CXX_LANGUAGE_STANDARD = "gnu++0x";
				CLANG_CXX_LIBRARY = "libc++";
				CLANG_ENABLE_MODULES = YES;
				CLANG_ENABLE_OBJC_ARC = YES;
				CLANG_WARN_BOOL_CONVERSION = YES;
				CLANG_WARN_CONSTANT_CONVERSION = YES;
				CLANG_WARN_DIRECT_OBJC_ISA_USAGE = YES_ERROR;
				CLANG_WARN_EMPTY_BODY = YES;
				CLANG_WARN_ENUM_CONVERSION = YES;
				CLANG_WARN_INT_CONVERSION = YES;
				CLANG_WARN_OBJC_ROOT_CLASS = YES_ERROR;
				CLANG_WARN_UNREACHABLE_CODE = YES;
				CLANG_WARN__DUPLICATE_METHOD_MATCH = YES;
				"CODE_SIGN_IDENTITY[sdk=iphoneos*]" = "iPhone Developer";
				COPY_PHASE_STRIP = NO;
				DEBUG_INFORMATION_FORMAT = "dwarf-with-dsym";
				ENABLE_STRICT_OBJC_MSGSEND = YES;
				GCC_C_LANGUAGE_STANDARD = gnu99;
				GCC_DYNAMIC_NO_PIC = NO;
				GCC_NO_COMMON_BLOCKS = YES;
				GCC_OPTIMIZATION_LEVEL = 0;
				GCC_PREPROCESSOR_DEFINITIONS = (
					"DEBUG=1",
					"$(inherited)",
				);
				GCC_SYMBOLS_PRIVATE_EXTERN = NO;
				GCC_WARN_64_TO_32_BIT_CONVERSION = YES;
				GCC_WARN_ABOUT_RETURN_TYPE = YES_ERROR;
				GCC_WARN_UNDECLARED_SELECTOR = YES;
				GCC_WARN_UNINITIALIZED_AUTOS = YES_AGGRESSIVE;
				GCC_WARN_UNUSED_FUNCTION = YES;
				GCC_WARN_UNUSED_VARIABLE = YES;
				IPHONEOS_DEPLOYMENT_TARGET = 8.4;
				MTL_ENABLE_DEBUG_INFO = YES;
				ONLY_ACTIVE_ARCH = YES;
				SDKROOT = iphoneos;
			};
			name = Debug;
		};
		DDBEA9C71B7C87BF004874A1 /* Release */ = {
			isa = XCBuildConfiguration;
			buildSettings = {
				ALWAYS_SEARCH_USER_PATHS = NO;
				CLANG_CXX_LANGUAGE_STANDARD = "gnu++0x";
				CLANG_CXX_LIBRARY = "libc++";
				CLANG_ENABLE_MODULES = YES;
				CLANG_ENABLE_OBJC_ARC = YES;
				CLANG_WARN_BOOL_CONVERSION = YES;
				CLANG_WARN_CONSTANT_CONVERSION = YES;
				CLANG_WARN_DIRECT_OBJC_ISA_USAGE = YES_ERROR;
				CLANG_WARN_EMPTY_BODY = YES;
				CLANG_WARN_ENUM_CONVERSION = YES;
				CLANG_WARN_INT_CONVERSION = YES;
				CLANG_WARN_OBJC_ROOT_CLASS = YES_ERROR;
				CLANG_WARN_UNREACHABLE_CODE = YES;
				CLANG_WARN__DUPLICATE_METHOD_MATCH = YES;
				"CODE_SIGN_IDENTITY[sdk=iphoneos*]" = "iPhone Developer";
				COPY_PHASE_STRIP = NO;
				DEBUG_INFORMATION_FORMAT = "dwarf-with-dsym";
				ENABLE_NS_ASSERTIONS = NO;
				ENABLE_STRICT_OBJC_MSGSEND = YES;
				GCC_C_LANGUAGE_STANDARD = gnu99;
				GCC_NO_COMMON_BLOCKS = YES;
				GCC_WARN_64_TO_32_BIT_CONVERSION = YES;
				GCC_WARN_ABOUT_RETURN_TYPE = YES_ERROR;
				GCC_WARN_UNDECLARED_SELECTOR = YES;
				GCC_WARN_UNINITIALIZED_AUTOS = YES_AGGRESSIVE;
				GCC_WARN_UNUSED_FUNCTION = YES;
				GCC_WARN_UNUSED_VARIABLE = YES;
				IPHONEOS_DEPLOYMENT_TARGET = 8.4;
				MTL_ENABLE_DEBUG_INFO = NO;
				SDKROOT = iphoneos;
				VALIDATE_PRODUCT = YES;
			};
			name = Release;
		};
		DDBEA9C91B7C87BF004874A1 /* Debug */ = {
			isa = XCBuildConfiguration;
			buildSettings = {
				ASSETCATALOG_COMPILER_APPICON_NAME = AppIcon;
				INFOPLIST_FILE = Observer/Info.plist;
				LD_RUNPATH_SEARCH_PATHS = "$(inherited) @executable_path/Frameworks";
				PRODUCT_NAME = Observer;
			};
			name = Debug;
		};
		DDBEA9CA1B7C87BF004874A1 /* Release */ = {
			isa = XCBuildConfiguration;
			buildSettings = {
				ASSETCATALOG_COMPILER_APPICON_NAME = AppIcon;
				INFOPLIST_FILE = Observer/Info.plist;
				LD_RUNPATH_SEARCH_PATHS = "$(inherited) @executable_path/Frameworks";
				PRODUCT_NAME = Observer;
			};
			name = Release;
		};
/* End XCBuildConfiguration section */

/* Begin XCConfigurationList section */
		DDBEA9A01B7C87BF004874A1 /* Build configuration list for PBXProject "Observer" */ = {
			isa = XCConfigurationList;
			buildConfigurations = (
				DDBEA9C61B7C87BF004874A1 /* Debug */,
				DDBEA9C71B7C87BF004874A1 /* Release */,
			);
			defaultConfigurationIsVisible = 0;
			defaultConfigurationName = Release;
		};
		DDBEA9C81B7C87BF004874A1 /* Build configuration list for PBXNativeTarget "Observer" */ = {
			isa = XCConfigurationList;
			buildConfigurations = (
				DDBEA9C91B7C87BF004874A1 /* Debug */,
				DDBEA9CA1B7C87BF004874A1 /* Release */,
			);
			defaultConfigurationIsVisible = 0;
			defaultConfigurationName = Release;
		};
/* End XCConfigurationList section */
	};
	rootObject = DDBEA99D1B7C87BF004874A1 /* Project object */;
}
